
Microsoft Visual Studio Solution File, Format Version 12.00
# Visual Studio Version 17
VisualStudioVersion = 17.8.34309.116
MinimumVisualStudioVersion = 10.0.40219.1
Project("{9A19103F-16F7-4668-BE54-9A1E7A4F7556}") = "e-commerce API", "e-commerce API.csproj", "{61885724-B605-47FF-94B1-BA6719039696}"
EndProject
Project("{FAE04EC0-301F-11D3-BF4B-00C04F79EFBC}") = "APITestProject", "..\APITestProject\APITestProject.csproj", "{E369106E-9A6E-4033-8CA1-927D5E982430}"
EndProject
Global
	GlobalSection(SolutionConfigurationPlatforms) = preSolution
		Debug|Any CPU = Debug|Any CPU
		Release|Any CPU = Release|Any CPU
	EndGlobalSection
	GlobalSection(ProjectConfigurationPlatforms) = postSolution
		{61885724-B605-47FF-94B1-BA6719039696}.Debug|Any CPU.ActiveCfg = Debug|Any CPU
		{61885724-B605-47FF-94B1-BA6719039696}.Debug|Any CPU.Build.0 = Debug|Any CPU
		{61885724-B605-47FF-94B1-BA6719039696}.Release|Any CPU.ActiveCfg = Release|Any CPU
		{61885724-B605-47FF-94B1-BA6719039696}.Release|Any CPU.Build.0 = Release|Any CPU
		{E369106E-9A6E-4033-8CA1-927D5E982430}.Debug|Any CPU.ActiveCfg = Debug|Any CPU
		{E369106E-9A6E-4033-8CA1-927D5E982430}.Debug|Any CPU.Build.0 = Debug|Any CPU
		{E369106E-9A6E-4033-8CA1-927D5E982430}.Release|Any CPU.ActiveCfg = Release|Any CPU
		{E369106E-9A6E-4033-8CA1-927D5E982430}.Release|Any CPU.Build.0 = Release|Any CPU
	EndGlobalSection
	GlobalSection(SolutionProperties) = preSolution
		HideSolutionNode = FALSE
	EndGlobalSection
	GlobalSection(ExtensibilityGlobals) = postSolution
		SolutionGuid = {FEC8F2C0-740C-42CF-A586-8F5B06AEB958}
	EndGlobalSection
EndGlobal
